
Microsoft Visual Studio Solution File, Format Version 12.00
# Visual Studio Version 16
VisualStudioVersion = 16.0.30011.22
MinimumVisualStudioVersion = 10.0.40219.1
Project("{FAE04EC0-301F-11D3-BF4B-00C04F79EFBC}") = "TH số 4", "TH số 4\TH số 4.csproj", "{09E5DE36-DC02-4419-83FE-318980860DCF}"
EndProject
Global
	GlobalSection(SolutionConfigurationPlatforms) = preSolution
		Debug|Any CPU = Debug|Any CPU
		Release|Any CPU = Release|Any CPU
	EndGlobalSection
	GlobalSection(ProjectConfigurationPlatforms) = postSolution
		{09E5DE36-DC02-4419-83FE-318980860DCF}.Debug|Any CPU.ActiveCfg = Debug|Any CPU
		{09E5DE36-DC02-4419-83FE-318980860DCF}.Debug|Any CPU.Build.0 = Debug|Any CPU
		{09E5DE36-DC02-4419-83FE-318980860DCF}.Release|Any CPU.ActiveCfg = Release|Any CPU
		{09E5DE36-DC02-4419-83FE-318980860DCF}.Release|Any CPU.Build.0 = Release|Any CPU
	EndGlobalSection
	GlobalSection(SolutionProperties) = preSolution
		HideSolutionNode = FALSE
	EndGlobalSection
	GlobalSection(ExtensibilityGlobals) = postSolution
		SolutionGuid = {4FF07059-8CEE-488E-BF4B-4D8569195F56}
	EndGlobalSection
EndGlobal
